
Microsoft Visual Studio Solution File, Format Version 12.00
# Visual Studio Version 16
VisualStudioVersion = 16.0.29728.190
MinimumVisualStudioVersion = 10.0.40219.1
Project("{FAE04EC0-301F-11D3-BF4B-00C04F79EFBC}") = "MinhaLojaVirtual.Dominio", "MinhaLojaVirtual.Dominio\MinhaLojaVirtual.Dominio.csproj", "{244577CE-1636-4696-ABB8-E5F95CF4777F}"
EndProject
Project("{FAE04EC0-301F-11D3-BF4B-00C04F79EFBC}") = "MinhalojaVirtual.Repositorio", "MinhalojaVirtual.Repositorio\MinhalojaVirtual.Repositorio.csproj", "{4D794F66-6389-4352-A767-1EC609F2DFA6}"
EndProject
Project("{FAE04EC0-301F-11D3-BF4B-00C04F79EFBC}") = "MinhaLojaVirtual.Web", "MinhaLojaVirtual.Web\MinhaLojaVirtual.Web.csproj", "{ACAC730F-BE16-4B73-BE29-528AF9F2EE49}"
EndProject
Global
	GlobalSection(SolutionConfigurationPlatforms) = preSolution
		Debug|Any CPU = Debug|Any CPU
		Release|Any CPU = Release|Any CPU
	EndGlobalSection
	GlobalSection(ProjectConfigurationPlatforms) = postSolution
		{244577CE-1636-4696-ABB8-E5F95CF4777F}.Debug|Any CPU.ActiveCfg = Debug|Any CPU
		{244577CE-1636-4696-ABB8-E5F95CF4777F}.Debug|Any CPU.Build.0 = Debug|Any CPU
		{244577CE-1636-4696-ABB8-E5F95CF4777F}.Release|Any CPU.ActiveCfg = Release|Any CPU
		{244577CE-1636-4696-ABB8-E5F95CF4777F}.Release|Any CPU.Build.0 = Release|Any CPU
		{4D794F66-6389-4352-A767-1EC609F2DFA6}.Debug|Any CPU.ActiveCfg = Debug|Any CPU
		{4D794F66-6389-4352-A767-1EC609F2DFA6}.Debug|Any CPU.Build.0 = Debug|Any CPU
		{4D794F66-6389-4352-A767-1EC609F2DFA6}.Release|Any CPU.ActiveCfg = Release|Any CPU
		{4D794F66-6389-4352-A767-1EC609F2DFA6}.Release|Any CPU.Build.0 = Release|Any CPU
		{ACAC730F-BE16-4B73-BE29-528AF9F2EE49}.Debug|Any CPU.ActiveCfg = Debug|Any CPU
		{ACAC730F-BE16-4B73-BE29-528AF9F2EE49}.Debug|Any CPU.Build.0 = Debug|Any CPU
		{ACAC730F-BE16-4B73-BE29-528AF9F2EE49}.Release|Any CPU.ActiveCfg = Release|Any CPU
		{ACAC730F-BE16-4B73-BE29-528AF9F2EE49}.Release|Any CPU.Build.0 = Release|Any CPU
	EndGlobalSection
	GlobalSection(SolutionProperties) = preSolution
		HideSolutionNode = FALSE
	EndGlobalSection
	GlobalSection(ExtensibilityGlobals) = postSolution
		SolutionGuid = {F979279A-63F5-4212-912F-9ABF91DB2C46}
	EndGlobalSection
EndGlobal
